
Microsoft Visual Studio Solution File, Format Version 12.00
# Visual Studio 15
VisualStudioVersion = 15.0.28307.705
MinimumVisualStudioVersion = 10.0.40219.1
Project("{9A19103F-16F7-4668-BE54-9A1E7A4F7556}") = "UnitTest", "UnitTest.csproj", "{BC3BE399-B0F7-4D8D-ABBB-6D7459E1285E}"
EndProject
Global
	GlobalSection(SolutionConfigurationPlatforms) = preSolution
		Debug|Any CPU = Debug|Any CPU
		Release|Any CPU = Release|Any CPU
	EndGlobalSection
	GlobalSection(ProjectConfigurationPlatforms) = postSolution
		{BC3BE399-B0F7-4D8D-ABBB-6D7459E1285E}.Debug|Any CPU.ActiveCfg = Debug|Any CPU
		{BC3BE399-B0F7-4D8D-ABBB-6D7459E1285E}.Debug|Any CPU.Build.0 = Debug|Any CPU
		{BC3BE399-B0F7-4D8D-ABBB-6D7459E1285E}.Release|Any CPU.ActiveCfg = Release|Any CPU
		{BC3BE399-B0F7-4D8D-ABBB-6D7459E1285E}.Release|Any CPU.Build.0 = Release|Any CPU
	EndGlobalSection
	GlobalSection(SolutionProperties) = preSolution
		HideSolutionNode = FALSE
	EndGlobalSection
	GlobalSection(ExtensibilityGlobals) = postSolution
		SolutionGuid = {4C509D08-9F2E-4328-B64B-351BCA4ACD41}
	EndGlobalSection
EndGlobal
